// !$*UTF8*$!
{
	archiveVersion = 1;
	classes = {
	};
	objectVersion = 46;
	objects = {

/* Begin PBXBuildFile section */
		61DEA1421E63B37F003ACDE2 /* AppDelegate.swift in Sources */ = {isa = PBXBuildFile; fileRef = 61DEA1411E63B37F003ACDE2 /* AppDelegate.swift */; };
		61DEA1441E63B37F003ACDE2 /* ViewController.swift in Sources */ = {isa = PBXBuildFile; fileRef = 61DEA1431E63B37F003ACDE2 /* ViewController.swift */; };
		61DEA1471E63B37F003ACDE2 /* Main.storyboard in Resources */ = {isa = PBXBuildFile; fileRef = 61DEA1451E63B37F003ACDE2 /* Main.storyboard */; };
		61DEA1491E63B37F003ACDE2 /* Assets.xcassets in Resources */ = {isa = PBXBuildFile; fileRef = 61DEA1481E63B37F003ACDE2 /* Assets.xcassets */; };
		61DEA14C1E63B37F003ACDE2 /* LaunchScreen.storyboard in Resources */ = {isa = PBXBuildFile; fileRef = 61DEA14A1E63B37F003ACDE2 /* LaunchScreen.storyboard */; };
		61DEA1541E63B3C5003ACDE2 /* GRobot.swift in Sources */ = {isa = PBXBuildFile; fileRef = 61DEA1531E63B3C5003ACDE2 /* GRobot.swift */; };
		61DEA1561E63B447003ACDE2 /* GridOffice.swift in Sources */ = {isa = PBXBuildFile; fileRef = 61DEA1551E63B447003ACDE2 /* GridOffice.swift */; };
/* End PBXBuildFile section */

/* Begin PBXFileReference section */
		61DEA13E1E63B37F003ACDE2 /* GRobot.app */ = {isa = PBXFileReference; explicitFileType = wrapper.application; includeInIndex = 0; path = GRobot.app; sourceTree = BUILT_PRODUCTS_DIR; };
		61DEA1411E63B37F003ACDE2 /* AppDelegate.swift */ = {isa = PBXFileReference; lastKnownFileType = sourcecode.swift; path = AppDelegate.swift; sourceTree = "<group>"; };
		61DEA1431E63B37F003ACDE2 /* ViewController.swift */ = {isa = PBXFileReference; lastKnownFileType = sourcecode.swift; path = ViewController.swift; sourceTree = "<group>"; };
		61DEA1461E63B37F003ACDE2 /* Base */ = {isa = PBXFileReference; lastKnownFileType = file.storyboard; name = Base; path = Base.lproj/Main.storyboard; sourceTree = "<group>"; };
		61DEA1481E63B37F003ACDE2 /* Assets.xcassets */ = {isa = PBXFileReference; lastKnownFileType = folder.assetcatalog; path = Assets.xcassets; sourceTree = "<group>"; };
		61DEA14B1E63B37F003ACDE2 /* Base */ = {isa = PBXFileReference; lastKnownFileType = file.storyboard; name = Base; path = Base.lproj/LaunchScreen.storyboard; sourceTree = "<group>"; };
		61DEA14D1E63B37F003ACDE2 /* Info.plist */ = {isa = PBXFileReference; lastKnownFileType = text.plist.xml; path = Info.plist; sourceTree = "<group>"; };
		61DEA1531E63B3C5003ACDE2 /* GRobot.swift */ = {isa = PBXFileReference; fileEncoding = 4; lastKnownFileType = sourcecode.swift; path = GRobot.swift; sourceTree = "<group>"; };
		61DEA1551E63B447003ACDE2 /* GridOffice.swift */ = {isa = PBXFileReference; fileEncoding = 4; lastKnownFileType = sourcecode.swift; path = GridOffice.swift; sourceTree = "<group>"; };
/* End PBXFileReference section */

/* Begin PBXFrameworksBuildPhase section */
		61DEA13B1E63B37E003ACDE2 /* Frameworks */ = {
			isa = PBXFrameworksBuildPhase;
			buildActionMask = 2147483647;
			files = (
			);
			runOnlyForDeploymentPostprocessing = 0;
		};
/* End PBXFrameworksBuildPhase section */

/* Begin PBXGroup section */
		61DEA1351E63B37E003ACDE2 = {
			isa = PBXGroup;
			children = (
				61DEA1401E63B37F003ACDE2 /* GRobot */,
				61DEA13F1E63B37F003ACDE2 /* Products */,
			);
			sourceTree = "<group>";
		};
		61DEA13F1E63B37F003ACDE2 /* Products */ = {
			isa = PBXGroup;
			children = (
				61DEA13E1E63B37F003ACDE2 /* GRobot.app */,
			);
			name = Products;
			sourceTree = "<group>";
		};
		61DEA1401E63B37F003ACDE2 /* GRobot */ = {
			isa = PBXGroup;
			children = (
				61DEA1411E63B37F003ACDE2 /* AppDelegate.swift */,
				61DEA1431E63B37F003ACDE2 /* ViewController.swift */,
				61DEA1531E63B3C5003ACDE2 /* GRobot.swift */,
				61DEA1551E63B447003ACDE2 /* GridOffice.swift */,
				61DEA1451E63B37F003ACDE2 /* Main.storyboard */,
				61DEA1481E63B37F003ACDE2 /* Assets.xcassets */,
				61DEA14A1E63B37F003ACDE2 /* LaunchScreen.storyboard */,
				61DEA14D1E63B37F003ACDE2 /* Info.plist */,
			);
			path = GRobot;
			sourceTree = "<group>";
		};
/* End PBXGroup section */

/* Begin PBXNativeTarget section */
		61DEA13D1E63B37E003ACDE2 /* GRobot */ = {
			isa = PBXNativeTarget;
			buildConfigurationList = 61DEA1501E63B37F003ACDE2 /* Build configuration list for PBXNativeTarget "GRobot" */;
			buildPhases = (
				61DEA13A1E63B37E003ACDE2 /* Sources */,
				61DEA13B1E63B37E003ACDE2 /* Frameworks */,
				61DEA13C1E63B37E003ACDE2 /* Resources */,
			);
			buildRules = (
			);
			dependencies = (
			);
			name = GRobot;
			productName = GRobot;
			productReference = 61DEA13E1E63B37F003ACDE2 /* GRobot.app */;
			productType = "com.apple.product-type.application";
		};
/* End PBXNativeTarget section */

/* Begin PBXProject section */
		61DEA1361E63B37E003ACDE2 /* Project object */ = {
			isa = PBXProject;
			attributes = {
				LastSwiftUpdateCheck = 0820;
				LastUpgradeCheck = 0820;
				ORGANIZATIONNAME = "Cloud Dai";
				TargetAttributes = {
					61DEA13D1E63B37E003ACDE2 = {
						CreatedOnToolsVersion = 8.2.1;
						DevelopmentTeam = 8PJZBHFZQF;
						ProvisioningStyle = Automatic;
					};
				};
			};
			buildConfigurationList = 61DEA1391E63B37E003ACDE2 /* Build configuration list for PBXProject "GRobot" */;
			compatibilityVersion = "Xcode 3.2";
			developmentRegion = English;
			hasScannedForEncodings = 0;
			knownRegions = (
				en,
				Base,
			);
			mainGroup = 61DEA1351E63B37E003ACDE2;
			productRefGroup = 61DEA13F1E63B37F003ACDE2 /* Products */;
			projectDirPath = "";
			projectRoot = "";
			targets = (
				61DEA13D1E63B37E003ACDE2 /* GRobot */,
			);
		};
/* End PBXProject section */

/* Begin PBXResourcesBuildPhase section */
		61DEA13C1E63B37E003ACDE2 /* Resources */ = {
			isa = PBXResourcesBuildPhase;
			buildActionMask = 2147483647;
			files = (
				61DEA14C1E63B37F003ACDE2 /* LaunchScreen.storyboard in Resources */,
				61DEA1491E63B37F003ACDE2 /* Assets.xcassets in Resources */,
				61DEA1471E63B37F003ACDE2 /* Main.storyboard in Resources */,
			);
			runOnlyForDeploymentPostprocessing = 0;
		};
/* End PBXResourcesBuildPhase section */

/* Begin PBXSourcesBuildPhase section */
		61DEA13A1E63B37E003ACDE2 /* Sources */ = {
			isa = PBXSourcesBuildPhase;
			buildActionMask = 2147483647;
			files = (
				61DEA1541E63B3C5003ACDE2 /* GRobot.swift in Sources */,
				61DEA1561E63B447003ACDE2 /* GridOffice.swift in Sources */,
				61DEA1441E63B37F003ACDE2 /* ViewController.swift in Sources */,
				61DEA1421E63B37F003ACDE2 /* AppDelegate.swift in Sources */,
			);
			runOnlyForDeploymentPostprocessing = 0;
		};
/* End PBXSourcesBuildPhase section */

/* Begin PBXVariantGroup section */
		61DEA1451E63B37F003ACDE2 /* Main.storyboard */ = {
			isa = PBXVariantGroup;
			children = (
				61DEA1461E63B37F003ACDE2 /* Base */,
			);
			name = Main.storyboard;
			sourceTree = "<group>";
		};
		61DEA14A1E63B37F003ACDE2 /* LaunchScreen.storyboard */ = {
			isa = PBXVariantGroup;
			children = (
				61DEA14B1E63B37F003ACDE2 /* Base */,
			);
			name = LaunchScreen.storyboard;
			sourceTree = "<group>";
		};
/* End PBXVariantGroup section */

/* Begin XCBuildConfiguration section */
		61DEA14E1E63B37F003ACDE2 /* Debug */ = {
			isa = XCBuildConfiguration;
			buildSettings = {
				ALWAYS_SEARCH_USER_PATHS = NO;
				CLANG_ANALYZER_NONNULL = YES;
				CLANG_CXX_LANGUAGE_STANDARD = "gnu++0x";
				CLANG_CXX_LIBRARY = "libc++";
				CLANG_ENABLE_MODULES = YES;
				CLANG_ENABLE_OBJC_ARC = YES;
				CLANG_WARN_BOOL_CONVERSION = YES;
				CLANG_WARN_CONSTANT_CONVERSION = YES;
				CLANG_WARN_DIRECT_OBJC_ISA_USAGE = YES_ERROR;
				CLANG_WARN_DOCUMENTATION_COMMENTS = YES;
				CLANG_WARN_EMPTY_BODY = YES;
				CLANG_WARN_ENUM_CONVERSION = YES;
				CLANG_WARN_INFINITE_RECURSION = YES;
				CLANG_WARN_INT_CONVERSION = YES;
				CLANG_WARN_OBJC_ROOT_CLASS = YES_ERROR;
				CLANG_WARN_SUSPICIOUS_MOVE = YES;
				CLANG_WARN_UNREACHABLE_CODE = YES;
				CLANG_WARN__DUPLICATE_METHOD_MATCH = YES;
				"CODE_SIGN_IDENTITY[sdk=iphoneos*]" = "iPhone Developer";
				COPY_PHASE_STRIP = NO;
				DEBUG_INFORMATION_FORMAT = dwarf;
				ENABLE_STRICT_OBJC_MSGSEND = YES;
				ENABLE_TESTABILITY = YES;
				GCC_C_LANGUAGE_STANDARD = gnu99;
				GCC_DYNAMIC_NO_PIC = NO;
				GCC_NO_COMMON_BLOCKS = YES;
				GCC_OPTIMIZATION_LEVEL = 0;
				GCC_PREPROCESSOR_DEFINITIONS = (
					"DEBUG=1",
					"$(inherited)",
				);
				GCC_WARN_64_TO_32_BIT_CONVERSION = YES;
				GCC_WARN_ABOUT_RETURN_TYPE = YES_ERROR;
				GCC_WARN_UNDECLARED_SELECTOR = YES;
				GCC_WARN_UNINITIALIZED_AUTOS = YES_AGGRESSIVE;
				GCC_WARN_UNUSED_FUNCTION = YES;
				GCC_WARN_UNUSED_VARIABLE = YES;
				IPHONEOS_DEPLOYMENT_TARGET = 10.2;
				MTL_ENABLE_DEBUG_INFO = YES;
				ONLY_ACTIVE_ARCH = YES;
				SDKROOT = iphoneos;
				SWIFT_ACTIVE_COMPILATION_CONDITIONS = DEBUG;
				SWIFT_OPTIMIZATION_LEVEL = "-Onone";
			};
			name = Debug;
		};
		61DEA14F1E63B37F003ACDE2 /* Release */ = {
			isa = XCBuildConfiguration;
			buildSettings = {
				ALWAYS_SEARCH_USER_PATHS = NO;
				CLANG_ANALYZER_NONNULL = YES;
				CLANG_CXX_LANGUAGE_STANDARD = "gnu++0x";
				CLANG_CXX_LIBRARY = "libc++";
				CLANG_ENABLE_MODULES = YES;
				CLANG_ENABLE_OBJC_ARC = YES;
				CLANG_WARN_BOOL_CONVERSION = YES;
				CLANG_WARN_CONSTANT_CONVERSION = YES;
				CLANG_WARN_DIRECT_OBJC_ISA_USAGE = YES_ERROR;
				CLANG_WARN_DOCUMENTATION_COMMENTS = YES;
				CLANG_WARN_EMPTY_BODY = YES;
				CLANG_WARN_ENUM_CONVERSION = YES;
				CLANG_WARN_INFINITE_RECURSION = YES;
				CLANG_WARN_INT_CONVERSION = YES;
				CLANG_WARN_OBJC_ROOT_CLASS = YES_ERROR;
				CLANG_WARN_SUSPICIOUS_MOVE = YES;
				CLANG_WARN_UNREACHABLE_CODE = YES;
				CLANG_WARN__DUPLICATE_METHOD_MATCH = YES;
				"CODE_SIGN_IDENTITY[sdk=iphoneos*]" = "iPhone Developer";
				COPY_PHASE_STRIP = NO;
				DEBUG_INFORMATION_FORMAT = "dwarf-with-dsym";
				ENABLE_NS_ASSERTIONS = NO;
				ENABLE_STRICT_OBJC_MSGSEND = YES;
				GCC_C_LANGUAGE_STANDARD = gnu99;
				GCC_NO_COMMON_BLOCKS = YES;
				GCC_WARN_64_TO_32_BIT_CONVERSION = YES;
				GCC_WARN_ABOUT_RETURN_TYPE = YES_ERROR;
				GCC_WARN_UNDECLARED_SELECTOR = YES;
				GCC_WARN_UNINITIALIZED_AUTOS = YES_AGGRESSIVE;
				GCC_WARN_UNUSED_FUNCTION = YES;
				GCC_WARN_UNUSED_VARIABLE = YES;
				IPHONEOS_DEPLOYMENT_TARGET = 10.2;
				MTL_ENABLE_DEBUG_INFO = NO;
				SDKROOT = iphoneos;
				SWIFT_OPTIMIZATION_LEVEL = "-Owholemodule";
				VALIDATE_PRODUCT = YES;
			};
			name = Release;
		};
		61DEA1511E63B37F003ACDE2 /* Debug */ = {
			isa = XCBuildConfiguration;
			buildSettings = {
				ASSETCATALOG_COMPILER_APPICON_NAME = AppIcon;
				DEVELOPMENT_TEAM = 8PJZBHFZQF;
				INFOPLIST_FILE = GRobot/Info.plist;
				LD_RUNPATH_SEARCH_PATHS = "$(inherited) @executable_path/Frameworks";
				PRODUCT_BUNDLE_IDENTIFIER = com.code4ios..GRobot;
				PRODUCT_NAME = "$(TARGET_NAME)";
				SWIFT_VERSION = 3.0;
			};
			name = Debug;
		};
		61DEA1521E63B37F003ACDE2 /* Release */ = {
			isa = XCBuildConfiguration;
			buildSettings = {
				ASSETCATALOG_COMPILER_APPICON_NAME = AppIcon;
				DEVELOPMENT_TEAM = 8PJZBHFZQF;
				INFOPLIST_FILE = GRobot/Info.plist;
				LD_RUNPATH_SEARCH_PATHS = "$(inherited) @executable_path/Frameworks";
				PRODUCT_BUNDLE_IDENTIFIER = com.code4ios..GRobot;
				PRODUCT_NAME = "$(TARGET_NAME)";
				SWIFT_VERSION = 3.0;
			};
			name = Release;
		};
/* End XCBuildConfiguration section */

/* Begin XCConfigurationList section */
		61DEA1391E63B37E003ACDE2 /* Build configuration list for PBXProject "GRobot" */ = {
			isa = XCConfigurationList;
			buildConfigurations = (
				61DEA14E1E63B37F003ACDE2 /* Debug */,
				61DEA14F1E63B37F003ACDE2 /* Release */,
			);
			defaultConfigurationIsVisible = 0;
			defaultConfigurationName = Release;
		};
		61DEA1501E63B37F003ACDE2 /* Build configuration list for PBXNativeTarget "GRobot" */ = {
			isa = XCConfigurationList;
			buildConfigurations = (
				61DEA1511E63B37F003ACDE2 /* Debug */,
				61DEA1521E63B37F003ACDE2 /* Release */,
			);
			defaultConfigurationIsVisible = 0;
		};
/* End XCConfigurationList section */
	};
	rootObject = 61DEA1361E63B37E003ACDE2 /* Project object */;
}
